// !$*UTF8*$!
{
	archiveVersion = 1;
	classes = {
	};
	objectVersion = 50;
	objects = {

/* Begin PBXBuildFile section */
		EE3FDB6D20FE485700CC166F /* EmailUpdate.storyboard in Resources */ = {isa = PBXBuildFile; fileRef = EE3FDB6B20FE485700CC166F /* EmailUpdate.storyboard */; };
		EE3FDB7020FE486100CC166F /* Profile.storyboard in Resources */ = {isa = PBXBuildFile; fileRef = EE3FDB6E20FE486100CC166F /* Profile.storyboard */; };
		EE3FDB7720FE4DCD00CC166F /* YourPasswordSVC.swift in Sources */ = {isa = PBXBuildFile; fileRef = EE3FDB7620FE4DCD00CC166F /* YourPasswordSVC.swift */; };
		EE3FDB7920FE4F1200CC166F /* ConfirmationCodeSVC.swift in Sources */ = {isa = PBXBuildFile; fileRef = EE3FDB7820FE4F1200CC166F /* ConfirmationCodeSVC.swift */; };
		EE3FDB7B20FE550300CC166F /* ConfirmCodeVM.swift in Sources */ = {isa = PBXBuildFile; fileRef = EE3FDB7A20FE550300CC166F /* ConfirmCodeVM.swift */; };
		EE3FDB7D20FE5BBB00CC166F /* NewEmailSVC.swift in Sources */ = {isa = PBXBuildFile; fileRef = EE3FDB7C20FE5BBB00CC166F /* NewEmailSVC.swift */; };
		EE3FDB8220FE7CBE00CC166F /* PhoneNumberUpdate.storyboard in Resources */ = {isa = PBXBuildFile; fileRef = EE3FDB8020FE7CBD00CC166F /* PhoneNumberUpdate.storyboard */; };
		EE3FDB8520FE7D0C00CC166F /* NewPhoneNumberSVC.swift in Sources */ = {isa = PBXBuildFile; fileRef = EE3FDB8420FE7D0C00CC166F /* NewPhoneNumberSVC.swift */; };
		EE4BC88620FCAFA60086B752 /* SignUpMask.swift in Sources */ = {isa = PBXBuildFile; fileRef = EE4BC88520FCAFA60086B752 /* SignUpMask.swift */; };
		EE4BC88820FCEA9A0086B752 /* ProfileVM.swift in Sources */ = {isa = PBXBuildFile; fileRef = EE4BC88720FCEA9A0086B752 /* ProfileVM.swift */; };
		EE720F5B20F78FBD00EBA122 /* AppSingleton+VerificationsReqs.swift in Sources */ = {isa = PBXBuildFile; fileRef = EE720F5A20F78FBD00EBA122 /* AppSingleton+VerificationsReqs.swift */; };
		EE720F6020F79F3000EBA122 /* Info.plist in Resources */ = {isa = PBXBuildFile; fileRef = EE720F5F20F79F3000EBA122 /* Info.plist */; };
		EE720F6220F7A11800EBA122 /* AppSingleton+UserReqs.swift in Sources */ = {isa = PBXBuildFile; fileRef = EE720F6120F7A11800EBA122 /* AppSingleton+UserReqs.swift */; };
		EE81CB9F20F5369C00283C29 /* SignUp.storyboard in Resources */ = {isa = PBXBuildFile; fileRef = EE81CB9D20F5369C00283C29 /* SignUp.storyboard */; };
		EE84921A20F6306F009D750F /* SignUpPasswordSVC.swift in Sources */ = {isa = PBXBuildFile; fileRef = EE84921620F6306F009D750F /* SignUpPasswordSVC.swift */; };
		EE84921B20F6306F009D750F /* SignUpCheckDataStepVC.swift in Sources */ = {isa = PBXBuildFile; fileRef = EE84921720F6306F009D750F /* SignUpCheckDataStepVC.swift */; };
		EE84921C20F6306F009D750F /* SignUpPhoneNumberSVC.swift in Sources */ = {isa = PBXBuildFile; fileRef = EE84921820F6306F009D750F /* SignUpPhoneNumberSVC.swift */; };
		EE84921D20F6306F009D750F /* NuSignUpCheckDataStepC.swift in Sources */ = {isa = PBXBuildFile; fileRef = EE84921920F6306F009D750F /* NuSignUpCheckDataStepC.swift */; };
		EE84922120F63094009D750F /* SignUpCodeSVC.swift in Sources */ = {isa = PBXBuildFile; fileRef = EE84921E20F63094009D750F /* SignUpCodeSVC.swift */; };
		EE84922220F63094009D750F /* FirstStepSVC.swift in Sources */ = {isa = PBXBuildFile; fileRef = EE84921F20F63094009D750F /* FirstStepSVC.swift */; };
		EE84922320F63094009D750F /* SignUpEmailSVC.swift in Sources */ = {isa = PBXBuildFile; fileRef = EE84922020F63094009D750F /* SignUpEmailSVC.swift */; };
		EE84922720F6349B009D750F /* UIAlertControllerShortcuts.swift in Sources */ = {isa = PBXBuildFile; fileRef = EE84922620F6349A009D750F /* UIAlertControllerShortcuts.swift */; };
		EE84922920F63645009D750F /* AppSignUpDelegate.swift in Sources */ = {isa = PBXBuildFile; fileRef = EE84922820F63645009D750F /* AppSignUpDelegate.swift */; };
		EE84922B20F636A5009D750F /* JLProgressView.swift in Sources */ = {isa = PBXBuildFile; fileRef = EE84922A20F636A5009D750F /* JLProgressView.swift */; };
		EE9FC85A20F8CC470078624B /* NotificationBannerShortcuts.swift in Sources */ = {isa = PBXBuildFile; fileRef = EE9FC85920F8CC470078624B /* NotificationBannerShortcuts.swift */; };
		EE9FC85C20F8E6A60078624B /* AppLoginVM.swift in Sources */ = {isa = PBXBuildFile; fileRef = EE9FC85B20F8E6A60078624B /* AppLoginVM.swift */; };
		EE9FC85E20F8EDE20078624B /* AppSingleton+Auth.swift in Sources */ = {isa = PBXBuildFile; fileRef = EE9FC85D20F8EDE20078624B /* AppSingleton+Auth.swift */; };
		EE9FC86020F8F9F40078624B /* AppSingleton+HelperMethods.swift in Sources */ = {isa = PBXBuildFile; fileRef = EE9FC85F20F8F9F40078624B /* AppSingleton+HelperMethods.swift */; };
		EE9FC86220F90A660078624B /* AlternativeSignUpCodeSVC.swift in Sources */ = {isa = PBXBuildFile; fileRef = EE9FC86120F90A660078624B /* AlternativeSignUpCodeSVC.swift */; };
		EE9FC86A20F9141A0078624B /* AccountRecover.storyboard in Resources */ = {isa = PBXBuildFile; fileRef = EE9FC86820F9141A0078624B /* AccountRecover.storyboard */; };
		EE9FC86D20F91B1B0078624B /* AccountRecoverWayTVC.swift in Sources */ = {isa = PBXBuildFile; fileRef = EE9FC86C20F91B1B0078624B /* AccountRecoverWayTVC.swift */; };
		EE9FC86F20F91C110078624B /* AccountRecEmailSVC.swift in Sources */ = {isa = PBXBuildFile; fileRef = EE9FC86E20F91C110078624B /* AccountRecEmailSVC.swift */; };
		EE9FC87120F91F400078624B /* AccountRecPhoneNumberSVC.swift in Sources */ = {isa = PBXBuildFile; fileRef = EE9FC87020F91F400078624B /* AccountRecPhoneNumberSVC.swift */; };
		EE9FC87320F922AA0078624B /* AccountRecCodeSVC.swift in Sources */ = {isa = PBXBuildFile; fileRef = EE9FC87220F922AA0078624B /* AccountRecCodeSVC.swift */; };
		EE9FC87520F92C6A0078624B /* AccountRecPasswordSVC.swift in Sources */ = {isa = PBXBuildFile; fileRef = EE9FC87420F92C6A0078624B /* AccountRecPasswordSVC.swift */; };
		EE9FC87C20F941430078624B /* ProfileTVC.swift in Sources */ = {isa = PBXBuildFile; fileRef = EE9FC87B20F941430078624B /* ProfileTVC.swift */; };
		EE9FC88020F944560078624B /* Listener.swift in Sources */ = {isa = PBXBuildFile; fileRef = EE9FC87F20F944560078624B /* Listener.swift */; };
		EEBC6E2C20F6481F00CB5DC2 /* FinishSignUpVC.swift in Sources */ = {isa = PBXBuildFile; fileRef = EEBC6E2B20F6481F00CB5DC2 /* FinishSignUpVC.swift */; };
		EEBC6E2F20F6486000CB5DC2 /* Login.storyboard in Resources */ = {isa = PBXBuildFile; fileRef = EEBC6E2D20F6486000CB5DC2 /* Login.storyboard */; };
		EEBC6E3420F648D300CB5DC2 /* ExtendedLaunchScreen.storyboard in Resources */ = {isa = PBXBuildFile; fileRef = EEBC6E3220F648D300CB5DC2 /* ExtendedLaunchScreen.storyboard */; };
		EEBC6E3A20F64D1A00CB5DC2 /* ExtendedLaunchScreenVC.swift in Sources */ = {isa = PBXBuildFile; fileRef = EEBC6E3920F64D1A00CB5DC2 /* ExtendedLaunchScreenVC.swift */; };
		EEBC6E4220F65BA100CB5DC2 /* LinedTextField.swift in Sources */ = {isa = PBXBuildFile; fileRef = EEBC6E4020F65BA100CB5DC2 /* LinedTextField.swift */; };
		EEBC6E4320F65BA100CB5DC2 /* TitledTextField.swift in Sources */ = {isa = PBXBuildFile; fileRef = EEBC6E4120F65BA100CB5DC2 /* TitledTextField.swift */; };
		EEBC6E4520F66AD400CB5DC2 /* LoginVC.swift in Sources */ = {isa = PBXBuildFile; fileRef = EEBC6E4420F66AD400CB5DC2 /* LoginVC.swift */; };
		EEBC6E4720F66BAA00CB5DC2 /* JLExtensions.swift in Sources */ = {isa = PBXBuildFile; fileRef = EEBC6E4620F66BAA00CB5DC2 /* JLExtensions.swift */; };
		EED9D2EC20F5383A00C5ACF7 /* Api.swift in Sources */ = {isa = PBXBuildFile; fileRef = EED9D2EA20F5383A00C5ACF7 /* Api.swift */; };
		EED9D2ED20F5383A00C5ACF7 /* ApiError.swift in Sources */ = {isa = PBXBuildFile; fileRef = EED9D2EB20F5383A00C5ACF7 /* ApiError.swift */; };
		EED9D2F120F5385300C5ACF7 /* Verifications.swift in Sources */ = {isa = PBXBuildFile; fileRef = EED9D2EF20F5385200C5ACF7 /* Verifications.swift */; };
		EED9D2F220F5385300C5ACF7 /* Users.swift in Sources */ = {isa = PBXBuildFile; fileRef = EED9D2F020F5385300C5ACF7 /* Users.swift */; };
		EED9D2F520F5386300C5ACF7 /* GenericUser.swift in Sources */ = {isa = PBXBuildFile; fileRef = EED9D2F420F5386300C5ACF7 /* GenericUser.swift */; };
		EED9D2F720F5389100C5ACF7 /* AppSingleton.swift in Sources */ = {isa = PBXBuildFile; fileRef = EED9D2F620F5389100C5ACF7 /* AppSingleton.swift */; };
		EED9D30120F53BB800C5ACF7 /* RequestManager.swift in Sources */ = {isa = PBXBuildFile; fileRef = EED9D2FF20F53BB700C5ACF7 /* RequestManager.swift */; };
		EED9D30220F53BB800C5ACF7 /* RequestManager+Alamofire.swift in Sources */ = {isa = PBXBuildFile; fileRef = EED9D30020F53BB800C5ACF7 /* RequestManager+Alamofire.swift */; };
		EED9D30F20F53C1200C5ACF7 /* Assets.xcassets in Resources */ = {isa = PBXBuildFile; fileRef = EED9D30B20F53C1200C5ACF7 /* Assets.xcassets */; };
		EED9D31120F53C1200C5ACF7 /* EnvVariables.swift in Sources */ = {isa = PBXBuildFile; fileRef = EED9D30D20F53C1200C5ACF7 /* EnvVariables.swift */; };
		EED9D31220F53C1200C5ACF7 /* AppDelegate.swift in Sources */ = {isa = PBXBuildFile; fileRef = EED9D30E20F53C1200C5ACF7 /* AppDelegate.swift */; };
		EED9D31920F543CA00C5ACF7 /* User.swift in Sources */ = {isa = PBXBuildFile; fileRef = EED9D31820F543CA00C5ACF7 /* User.swift */; };
		EED9D32120F549AE00C5ACF7 /* NuButton.swift in Sources */ = {isa = PBXBuildFile; fileRef = EED9D32020F549AE00C5ACF7 /* NuButton.swift */; };
		EED9D32520F54C9A00C5ACF7 /* SignUpNavController.swift in Sources */ = {isa = PBXBuildFile; fileRef = EED9D32420F54C9A00C5ACF7 /* SignUpNavController.swift */; };
		EED9D32720F54F1500C5ACF7 /* SignUpPreStepVC.swift in Sources */ = {isa = PBXBuildFile; fileRef = EED9D32620F54F1500C5ACF7 /* SignUpPreStepVC.swift */; };
		EED9D32920F5534500C5ACF7 /* NuNavigationBar.swift in Sources */ = {isa = PBXBuildFile; fileRef = EED9D32820F5534500C5ACF7 /* NuNavigationBar.swift */; };
		EEEB4CAB20F52474005DF444 /* ViewController.swift in Sources */ = {isa = PBXBuildFile; fileRef = EEEB4CAA20F52474005DF444 /* ViewController.swift */; };
		EEEB4CB120F52474005DF444 /* Main.storyboard in Resources */ = {isa = PBXBuildFile; fileRef = EEEB4CAF20F52474005DF444 /* Main.storyboard */; };
		EEEB4CB620F52476005DF444 /* LaunchScreen.storyboard in Resources */ = {isa = PBXBuildFile; fileRef = EEEB4CB420F52476005DF444 /* LaunchScreen.storyboard */; };
		FE0F5FD0B2414446546C8F17 /* Pods_NuiOS.framework in Frameworks */ = {isa = PBXBuildFile; fileRef = BC10D17AFD24A0CF8001C24F /* Pods_NuiOS.framework */; };
/* End PBXBuildFile section */

/* Begin PBXFileReference section */
		073FF8913C811AD802EE95E8 /* Pods-NuiOS.debug.xcconfig */ = {isa = PBXFileReference; includeInIndex = 1; lastKnownFileType = text.xcconfig; name = "Pods-NuiOS.debug.xcconfig"; path = "Pods/Target Support Files/Pods-NuiOS/Pods-NuiOS.debug.xcconfig"; sourceTree = "<group>"; };
		96218C56F035F20BF747D012 /* Pods-NuiOS.release.xcconfig */ = {isa = PBXFileReference; includeInIndex = 1; lastKnownFileType = text.xcconfig; name = "Pods-NuiOS.release.xcconfig"; path = "Pods/Target Support Files/Pods-NuiOS/Pods-NuiOS.release.xcconfig"; sourceTree = "<group>"; };
		BC10D17AFD24A0CF8001C24F /* Pods_NuiOS.framework */ = {isa = PBXFileReference; explicitFileType = wrapper.framework; includeInIndex = 0; path = Pods_NuiOS.framework; sourceTree = BUILT_PRODUCTS_DIR; };
		EE3FDB6C20FE485700CC166F /* Base */ = {isa = PBXFileReference; lastKnownFileType = file.storyboard; name = Base; path = Base.lproj/EmailUpdate.storyboard; sourceTree = "<group>"; };
		EE3FDB6F20FE486100CC166F /* Base */ = {isa = PBXFileReference; lastKnownFileType = file.storyboard; name = Base; path = Base.lproj/Profile.storyboard; sourceTree = "<group>"; };
		EE3FDB7420FE48E200CC166F /* pt-BR */ = {isa = PBXFileReference; lastKnownFileType = text.plist.strings; name = "pt-BR"; path = "pt-BR.lproj/Profile.strings"; sourceTree = "<group>"; };
		EE3FDB7620FE4DCD00CC166F /* YourPasswordSVC.swift */ = {isa = PBXFileReference; lastKnownFileType = sourcecode.swift; path = YourPasswordSVC.swift; sourceTree = "<group>"; };
		EE3FDB7820FE4F1200CC166F /* ConfirmationCodeSVC.swift */ = {isa = PBXFileReference; lastKnownFileType = sourcecode.swift; path = ConfirmationCodeSVC.swift; sourceTree = "<group>"; };
		EE3FDB7A20FE550300CC166F /* ConfirmCodeVM.swift */ = {isa = PBXFileReference; lastKnownFileType = sourcecode.swift; path = ConfirmCodeVM.swift; sourceTree = "<group>"; };
		EE3FDB7C20FE5BBB00CC166F /* NewEmailSVC.swift */ = {isa = PBXFileReference; lastKnownFileType = sourcecode.swift; path = NewEmailSVC.swift; sourceTree = "<group>"; };
		EE3FDB8120FE7CBD00CC166F /* Base */ = {isa = PBXFileReference; lastKnownFileType = file.storyboard; name = Base; path = Base.lproj/PhoneNumberUpdate.storyboard; sourceTree = "<group>"; };
		EE3FDB8420FE7D0C00CC166F /* NewPhoneNumberSVC.swift */ = {isa = PBXFileReference; lastKnownFileType = sourcecode.swift; path = NewPhoneNumberSVC.swift; sourceTree = "<group>"; };
		EE3FDB8920FE7F3300CC166F /* pt-BR */ = {isa = PBXFileReference; lastKnownFileType = text.plist.strings; name = "pt-BR"; path = "pt-BR.lproj/EmailUpdate.strings"; sourceTree = "<group>"; };
		EE3FDB8D20FE800200CC166F /* pt-BR */ = {isa = PBXFileReference; lastKnownFileType = text.plist.strings; name = "pt-BR"; path = "pt-BR.lproj/PhoneNumberUpdate.strings"; sourceTree = "<group>"; };
		EE4BC88520FCAFA60086B752 /* SignUpMask.swift */ = {isa = PBXFileReference; fileEncoding = 4; lastKnownFileType = sourcecode.swift; path = SignUpMask.swift; sourceTree = "<group>"; };
		EE4BC88720FCEA9A0086B752 /* ProfileVM.swift */ = {isa = PBXFileReference; lastKnownFileType = sourcecode.swift; path = ProfileVM.swift; sourceTree = "<group>"; };
		EE720F5820F7771F00EBA122 /* pt-BR */ = {isa = PBXFileReference; lastKnownFileType = text.plist.strings; name = "pt-BR"; path = "pt-BR.lproj/Login.strings"; sourceTree = "<group>"; };
		EE720F5A20F78FBD00EBA122 /* AppSingleton+VerificationsReqs.swift */ = {isa = PBXFileReference; lastKnownFileType = sourcecode.swift; path = "AppSingleton+VerificationsReqs.swift"; sourceTree = "<group>"; };
		EE720F5F20F79F3000EBA122 /* Info.plist */ = {isa = PBXFileReference; fileEncoding = 4; lastKnownFileType = text.plist.xml; name = Info.plist; path = NuiOS/Info.plist; sourceTree = SOURCE_ROOT; };
		EE720F6120F7A11800EBA122 /* AppSingleton+UserReqs.swift */ = {isa = PBXFileReference; lastKnownFileType = sourcecode.swift; path = "AppSingleton+UserReqs.swift"; sourceTree = "<group>"; };
		EE81CB9E20F5369C00283C29 /* Base */ = {isa = PBXFileReference; lastKnownFileType = file.storyboard; name = Base; path = Base.lproj/SignUp.storyboard; sourceTree = "<group>"; };
		EE84921620F6306F009D750F /* SignUpPasswordSVC.swift */ = {isa = PBXFileReference; fileEncoding = 4; lastKnownFileType = sourcecode.swift; path = SignUpPasswordSVC.swift; sourceTree = "<group>"; };
		EE84921720F6306F009D750F /* SignUpCheckDataStepVC.swift */ = {isa = PBXFileReference; fileEncoding = 4; lastKnownFileType = sourcecode.swift; path = SignUpCheckDataStepVC.swift; sourceTree = "<group>"; };
		EE84921820F6306F009D750F /* SignUpPhoneNumberSVC.swift */ = {isa = PBXFileReference; fileEncoding = 4; lastKnownFileType = sourcecode.swift; path = SignUpPhoneNumberSVC.swift; sourceTree = "<group>"; };
		EE84921920F6306F009D750F /* NuSignUpCheckDataStepC.swift */ = {isa = PBXFileReference; fileEncoding = 4; lastKnownFileType = sourcecode.swift; path = NuSignUpCheckDataStepC.swift; sourceTree = "<group>"; };
		EE84921E20F63094009D750F /* SignUpCodeSVC.swift */ = {isa = PBXFileReference; fileEncoding = 4; lastKnownFileType = sourcecode.swift; path = SignUpCodeSVC.swift; sourceTree = "<group>"; };
		EE84921F20F63094009D750F /* FirstStepSVC.swift */ = {isa = PBXFileReference; fileEncoding = 4; lastKnownFileType = sourcecode.swift; path = FirstStepSVC.swift; sourceTree = "<group>"; };
		EE84922020F63094009D750F /* SignUpEmailSVC.swift */ = {isa = PBXFileReference; fileEncoding = 4; lastKnownFileType = sourcecode.swift; path = SignUpEmailSVC.swift; sourceTree = "<group>"; };
		EE84922620F6349A009D750F /* UIAlertControllerShortcuts.swift */ = {isa = PBXFileReference; fileEncoding = 4; lastKnownFileType = sourcecode.swift; path = UIAlertControllerShortcuts.swift; sourceTree = "<group>"; };
		EE84922820F63645009D750F /* AppSignUpDelegate.swift */ = {isa = PBXFileReference; lastKnownFileType = sourcecode.swift; path = AppSignUpDelegate.swift; sourceTree = "<group>"; };
		EE84922A20F636A5009D750F /* JLProgressView.swift */ = {isa = PBXFileReference; fileEncoding = 4; lastKnownFileType = sourcecode.swift; path = JLProgressView.swift; sourceTree = "<group>"; };
		EE9FC85920F8CC470078624B /* NotificationBannerShortcuts.swift */ = {isa = PBXFileReference; lastKnownFileType = sourcecode.swift; path = NotificationBannerShortcuts.swift; sourceTree = "<group>"; };
		EE9FC85B20F8E6A60078624B /* AppLoginVM.swift */ = {isa = PBXFileReference; lastKnownFileType = sourcecode.swift; path = AppLoginVM.swift; sourceTree = "<group>"; };
		EE9FC85D20F8EDE20078624B /* AppSingleton+Auth.swift */ = {isa = PBXFileReference; lastKnownFileType = sourcecode.swift; path = "AppSingleton+Auth.swift"; sourceTree = "<group>"; };
		EE9FC85F20F8F9F40078624B /* AppSingleton+HelperMethods.swift */ = {isa = PBXFileReference; lastKnownFileType = sourcecode.swift; path = "AppSingleton+HelperMethods.swift"; sourceTree = "<group>"; };
		EE9FC86120F90A660078624B /* AlternativeSignUpCodeSVC.swift */ = {isa = PBXFileReference; lastKnownFileType = sourcecode.swift; path = AlternativeSignUpCodeSVC.swift; sourceTree = "<group>"; };
		EE9FC86920F9141A0078624B /* Base */ = {isa = PBXFileReference; lastKnownFileType = file.storyboard; name = Base; path = Base.lproj/AccountRecover.storyboard; sourceTree = "<group>"; };
		EE9FC86C20F91B1B0078624B /* AccountRecoverWayTVC.swift */ = {isa = PBXFileReference; fileEncoding = 4; lastKnownFileType = sourcecode.swift; path = AccountRecoverWayTVC.swift; sourceTree = "<group>"; };
		EE9FC86E20F91C110078624B /* AccountRecEmailSVC.swift */ = {isa = PBXFileReference; lastKnownFileType = sourcecode.swift; path = AccountRecEmailSVC.swift; sourceTree = "<group>"; };
		EE9FC87020F91F400078624B /* AccountRecPhoneNumberSVC.swift */ = {isa = PBXFileReference; lastKnownFileType = sourcecode.swift; path = AccountRecPhoneNumberSVC.swift; sourceTree = "<group>"; };
		EE9FC87220F922AA0078624B /* AccountRecCodeSVC.swift */ = {isa = PBXFileReference; lastKnownFileType = sourcecode.swift; path = AccountRecCodeSVC.swift; sourceTree = "<group>"; };
		EE9FC87420F92C6A0078624B /* AccountRecPasswordSVC.swift */ = {isa = PBXFileReference; lastKnownFileType = sourcecode.swift; path = AccountRecPasswordSVC.swift; sourceTree = "<group>"; };
		EE9FC87920F9400E0078624B /* pt-BR */ = {isa = PBXFileReference; lastKnownFileType = text.plist.strings; name = "pt-BR"; path = "pt-BR.lproj/AccountRecover.strings"; sourceTree = "<group>"; };
		EE9FC87B20F941430078624B /* ProfileTVC.swift */ = {isa = PBXFileReference; lastKnownFileType = sourcecode.swift; path = ProfileTVC.swift; sourceTree = "<group>"; };
		EE9FC87E20F943A80078624B /* pt-BR */ = {isa = PBXFileReference; lastKnownFileType = text.plist.strings; name = "pt-BR"; path = "pt-BR.lproj/Main.strings"; sourceTree = "<group>"; };
		EE9FC87F20F944560078624B /* Listener.swift */ = {isa = PBXFileReference; fileEncoding = 4; lastKnownFileType = sourcecode.swift; path = Listener.swift; sourceTree = "<group>"; };
		EEBC6E2B20F6481F00CB5DC2 /* FinishSignUpVC.swift */ = {isa = PBXFileReference; lastKnownFileType = sourcecode.swift; path = FinishSignUpVC.swift; sourceTree = "<group>"; };
		EEBC6E2E20F6486000CB5DC2 /* Base */ = {isa = PBXFileReference; lastKnownFileType = file.storyboard; name = Base; path = Base.lproj/Login.storyboard; sourceTree = "<group>"; };
		EEBC6E3320F648D300CB5DC2 /* Base */ = {isa = PBXFileReference; lastKnownFileType = file.storyboard; name = Base; path = Base.lproj/ExtendedLaunchScreen.storyboard; sourceTree = "<group>"; };
		EEBC6E3820F64B0E00CB5DC2 /* pt-BR */ = {isa = PBXFileReference; lastKnownFileType = text.plist.strings; name = "pt-BR"; path = "pt-BR.lproj/SignUp.strings"; sourceTree = "<group>"; };
		EEBC6E3920F64D1A00CB5DC2 /* ExtendedLaunchScreenVC.swift */ = {isa = PBXFileReference; lastKnownFileType = sourcecode.swift; path = ExtendedLaunchScreenVC.swift; sourceTree = "<group>"; };
		EEBC6E4020F65BA100CB5DC2 /* LinedTextField.swift */ = {isa = PBXFileReference; fileEncoding = 4; lastKnownFileType = sourcecode.swift; path = LinedTextField.swift; sourceTree = "<group>"; };
		EEBC6E4120F65BA100CB5DC2 /* TitledTextField.swift */ = {isa = PBXFileReference; fileEncoding = 4; lastKnownFileType = sourcecode.swift; path = TitledTextField.swift; sourceTree = "<group>"; };
		EEBC6E4420F66AD400CB5DC2 /* LoginVC.swift */ = {isa = PBXFileReference; lastKnownFileType = sourcecode.swift; path = LoginVC.swift; sourceTree = "<group>"; };
		EEBC6E4620F66BAA00CB5DC2 /* JLExtensions.swift */ = {isa = PBXFileReference; fileEncoding = 4; lastKnownFileType = sourcecode.swift; path = JLExtensions.swift; sourceTree = "<group>"; };
		EED9D2EA20F5383A00C5ACF7 /* Api.swift */ = {isa = PBXFileReference; fileEncoding = 4; lastKnownFileType = sourcecode.swift; name = Api.swift; path = Api/Api.swift; sourceTree = "<group>"; };
		EED9D2EB20F5383A00C5ACF7 /* ApiError.swift */ = {isa = PBXFileReference; fileEncoding = 4; lastKnownFileType = sourcecode.swift; name = ApiError.swift; path = Api/ApiError.swift; sourceTree = "<group>"; };
		EED9D2EF20F5385200C5ACF7 /* Verifications.swift */ = {isa = PBXFileReference; fileEncoding = 4; lastKnownFileType = sourcecode.swift; name = Verifications.swift; path = Api/Endpoints/Verifications.swift; sourceTree = "<group>"; };
		EED9D2F020F5385300C5ACF7 /* Users.swift */ = {isa = PBXFileReference; fileEncoding = 4; lastKnownFileType = sourcecode.swift; name = Users.swift; path = Api/Endpoints/Users.swift; sourceTree = "<group>"; };
		EED9D2F420F5386300C5ACF7 /* GenericUser.swift */ = {isa = PBXFileReference; fileEncoding = 4; lastKnownFileType = sourcecode.swift; name = GenericUser.swift; path = Api/Models/GenericUser.swift; sourceTree = "<group>"; };
		EED9D2F620F5389100C5ACF7 /* AppSingleton.swift */ = {isa = PBXFileReference; lastKnownFileType = sourcecode.swift; path = AppSingleton.swift; sourceTree = "<group>"; };
		EED9D2FF20F53BB700C5ACF7 /* RequestManager.swift */ = {isa = PBXFileReference; fileEncoding = 4; lastKnownFileType = sourcecode.swift; path = RequestManager.swift; sourceTree = "<group>"; };
		EED9D30020F53BB800C5ACF7 /* RequestManager+Alamofire.swift */ = {isa = PBXFileReference; fileEncoding = 4; lastKnownFileType = sourcecode.swift; path = "RequestManager+Alamofire.swift"; sourceTree = "<group>"; };
		EED9D30B20F53C1200C5ACF7 /* Assets.xcassets */ = {isa = PBXFileReference; lastKnownFileType = folder.assetcatalog; path = Assets.xcassets; sourceTree = "<group>"; };
		EED9D30D20F53C1200C5ACF7 /* EnvVariables.swift */ = {isa = PBXFileReference; fileEncoding = 4; lastKnownFileType = sourcecode.swift; path = EnvVariables.swift; sourceTree = "<group>"; };
		EED9D30E20F53C1200C5ACF7 /* AppDelegate.swift */ = {isa = PBXFileReference; fileEncoding = 4; lastKnownFileType = sourcecode.swift; path = AppDelegate.swift; sourceTree = "<group>"; };
		EED9D31420F53F0200C5ACF7 /* pt-BR */ = {isa = PBXFileReference; lastKnownFileType = text.plist.strings; name = "pt-BR"; path = "pt-BR.lproj/LaunchScreen.strings"; sourceTree = "<group>"; };
		EED9D31820F543CA00C5ACF7 /* User.swift */ = {isa = PBXFileReference; lastKnownFileType = sourcecode.swift; path = User.swift; sourceTree = "<group>"; };
		EED9D32020F549AE00C5ACF7 /* NuButton.swift */ = {isa = PBXFileReference; lastKnownFileType = sourcecode.swift; path = NuButton.swift; sourceTree = "<group>"; };
		EED9D32420F54C9A00C5ACF7 /* SignUpNavController.swift */ = {isa = PBXFileReference; fileEncoding = 4; lastKnownFileType = sourcecode.swift; path = SignUpNavController.swift; sourceTree = "<group>"; };
		EED9D32620F54F1500C5ACF7 /* SignUpPreStepVC.swift */ = {isa = PBXFileReference; lastKnownFileType = sourcecode.swift; path = SignUpPreStepVC.swift; sourceTree = "<group>"; };
		EED9D32820F5534500C5ACF7 /* NuNavigationBar.swift */ = {isa = PBXFileReference; lastKnownFileType = sourcecode.swift; path = NuNavigationBar.swift; sourceTree = "<group>"; };
		EEEB4CA420F52474005DF444 /* NuiOS.app */ = {isa = PBXFileReference; explicitFileType = wrapper.application; includeInIndex = 0; path = NuiOS.app; sourceTree = BUILT_PRODUCTS_DIR; };
		EEEB4CAA20F52474005DF444 /* ViewController.swift */ = {isa = PBXFileReference; lastKnownFileType = sourcecode.swift; path = ViewController.swift; sourceTree = "<group>"; };
		EEEB4CB020F52474005DF444 /* Base */ = {isa = PBXFileReference; lastKnownFileType = file.storyboard; name = Base; path = Base.lproj/Main.storyboard; sourceTree = "<group>"; };
		EEEB4CB520F52476005DF444 /* Base */ = {isa = PBXFileReference; lastKnownFileType = file.storyboard; name = Base; path = Base.lproj/LaunchScreen.storyboard; sourceTree = "<group>"; };
/* End PBXFileReference section */

/* Begin PBXFrameworksBuildPhase section */
		EEEB4CA120F52474005DF444 /* Frameworks */ = {
			isa = PBXFrameworksBuildPhase;
			buildActionMask = 2147483647;
			files = (
				FE0F5FD0B2414446546C8F17 /* Pods_NuiOS.framework in Frameworks */,
			);
			runOnlyForDeploymentPostprocessing = 0;
		};
/* End PBXFrameworksBuildPhase section */

/* Begin PBXGroup section */
		56AABD4AD66B7F954DFDC626 /* Frameworks */ = {
			isa = PBXGroup;
			children = (
				BC10D17AFD24A0CF8001C24F /* Pods_NuiOS.framework */,
			);
			name = Frameworks;
			sourceTree = "<group>";
		};
		B3F302D877CD4F12E4822BE8 /* Pods */ = {
			isa = PBXGroup;
			children = (
				073FF8913C811AD802EE95E8 /* Pods-NuiOS.debug.xcconfig */,
				96218C56F035F20BF747D012 /* Pods-NuiOS.release.xcconfig */,
			);
			name = Pods;
			sourceTree = "<group>";
		};
		EE3FDB7520FE4D7400CC166F /* EmailUpdate */ = {
			isa = PBXGroup;
			children = (
				EE3FDB7620FE4DCD00CC166F /* YourPasswordSVC.swift */,
				EE3FDB7820FE4F1200CC166F /* ConfirmationCodeSVC.swift */,
				EE3FDB7C20FE5BBB00CC166F /* NewEmailSVC.swift */,
			);
			path = EmailUpdate;
			sourceTree = "<group>";
		};
		EE3FDB8320FE7CDA00CC166F /* PhoneNumberUpdate */ = {
			isa = PBXGroup;
			children = (
				EE3FDB8420FE7D0C00CC166F /* NewPhoneNumberSVC.swift */,
			);
			path = PhoneNumberUpdate;
			sourceTree = "<group>";
		};
		EE720F5920F78FA000EBA122 /* Singleton */ = {
			isa = PBXGroup;
			children = (
				EED9D2F620F5389100C5ACF7 /* AppSingleton.swift */,
				EE720F5D20F7993300EBA122 /* ApiRequests */,
				EE9FC85D20F8EDE20078624B /* AppSingleton+Auth.swift */,
				EE9FC85F20F8F9F40078624B /* AppSingleton+HelperMethods.swift */,
			);
			path = Singleton;
			sourceTree = "<group>";
		};
		EE720F5D20F7993300EBA122 /* ApiRequests */ = {
			isa = PBXGroup;
			children = (
				EE720F5A20F78FBD00EBA122 /* AppSingleton+VerificationsReqs.swift */,
				EE720F6120F7A11800EBA122 /* AppSingleton+UserReqs.swift */,
			);
			name = ApiRequests;
			sourceTree = "<group>";
		};
		EE9FC86B20F91AF50078624B /* ForgotPassword */ = {
			isa = PBXGroup;
			children = (
				EE9FC86C20F91B1B0078624B /* AccountRecoverWayTVC.swift */,
				EE9FC86E20F91C110078624B /* AccountRecEmailSVC.swift */,
				EE9FC87020F91F400078624B /* AccountRecPhoneNumberSVC.swift */,
				EE9FC87220F922AA0078624B /* AccountRecCodeSVC.swift */,
				EE9FC87420F92C6A0078624B /* AccountRecPasswordSVC.swift */,
			);
			path = ForgotPassword;
			sourceTree = "<group>";
		};
		EE9FC87A20F940E50078624B /* Profile */ = {
			isa = PBXGroup;
			children = (
				EE9FC87B20F941430078624B /* ProfileTVC.swift */,
			);
			path = Profile;
			sourceTree = "<group>";
		};
		EEBC6E3F20F65B7D00CB5DC2 /* ExtenalCustomViews */ = {
			isa = PBXGroup;
			children = (
				EEBC6E4020F65BA100CB5DC2 /* LinedTextField.swift */,
				EEBC6E4120F65BA100CB5DC2 /* TitledTextField.swift */,
			);
			path = ExtenalCustomViews;
			sourceTree = "<group>";
		};
		EEC956FA20F524C4007A3066 /* ViewModels */ = {
			isa = PBXGroup;
			children = (
				EE9FC85B20F8E6A60078624B /* AppLoginVM.swift */,
				EE4BC88720FCEA9A0086B752 /* ProfileVM.swift */,
				EE3FDB7A20FE550300CC166F /* ConfirmCodeVM.swift */,
			);
			path = ViewModels;
			sourceTree = "<group>";
		};
		EED9D2E920F5374700C5ACF7 /* Models/Api */ = {
			isa = PBXGroup;
			children = (
				EED9D2F320F5385600C5ACF7 /* Models */,
				EED9D2EE20F5384800C5ACF7 /* Endpoints */,
				EED9D2EA20F5383A00C5ACF7 /* Api.swift */,
				EED9D2EB20F5383A00C5ACF7 /* ApiError.swift */,
			);
			name = Models/Api;
			sourceTree = "<group>";
		};
		EED9D2EE20F5384800C5ACF7 /* Endpoints */ = {
			isa = PBXGroup;
			children = (
				EED9D2F020F5385300C5ACF7 /* Users.swift */,
				EED9D2EF20F5385200C5ACF7 /* Verifications.swift */,
			);
			name = Endpoints;
			sourceTree = "<group>";
		};
		EED9D2F320F5385600C5ACF7 /* Models */ = {
			isa = PBXGroup;
			children = (
				EED9D2F420F5386300C5ACF7 /* GenericUser.swift */,
				EED9D31820F543CA00C5ACF7 /* User.swift */,
			);
			name = Models;
			sourceTree = "<group>";
		};
		EED9D2F820F538F400C5ACF7 /* Helpers */ = {
			isa = PBXGroup;
			children = (
				EE9FC85920F8CC470078624B /* NotificationBannerShortcuts.swift */,
				EE84922620F6349A009D750F /* UIAlertControllerShortcuts.swift */,
				EED9D2FE20F53B8900C5ACF7 /* ExternalHelpers */,
			);
			name = Helpers;
			sourceTree = "<group>";
		};
		EED9D2FE20F53B8900C5ACF7 /* ExternalHelpers */ = {
			isa = PBXGroup;
			children = (
				EE4BC88520FCAFA60086B752 /* SignUpMask.swift */,
				EE9FC87F20F944560078624B /* Listener.swift */,
				EEBC6E4620F66BAA00CB5DC2 /* JLExtensions.swift */,
				EE84922A20F636A5009D750F /* JLProgressView.swift */,
				EED9D2FF20F53BB700C5ACF7 /* RequestManager.swift */,
				EED9D30020F53BB800C5ACF7 /* RequestManager+Alamofire.swift */,
			);
			path = ExternalHelpers;
			sourceTree = "<group>";
		};
		EED9D31A20F544F100C5ACF7 /* SignUp */ = {
			isa = PBXGroup;
			children = (
				EED9D32420F54C9A00C5ACF7 /* SignUpNavController.swift */,
				EED9D32620F54F1500C5ACF7 /* SignUpPreStepVC.swift */,
				EE84921920F6306F009D750F /* NuSignUpCheckDataStepC.swift */,
				EE84921720F6306F009D750F /* SignUpCheckDataStepVC.swift */,
				EE84921620F6306F009D750F /* SignUpPasswordSVC.swift */,
				EE84921820F6306F009D750F /* SignUpPhoneNumberSVC.swift */,
				EE84921F20F63094009D750F /* FirstStepSVC.swift */,
				EE84921E20F63094009D750F /* SignUpCodeSVC.swift */,
				EE84922020F63094009D750F /* SignUpEmailSVC.swift */,
				EE84922820F63645009D750F /* AppSignUpDelegate.swift */,
				EEBC6E2B20F6481F00CB5DC2 /* FinishSignUpVC.swift */,
				EE9FC86120F90A660078624B /* AlternativeSignUpCodeSVC.swift */,
			);
			path = SignUp;
			sourceTree = "<group>";
		};
		EED9D31F20F5495500C5ACF7 /* CustomViews */ = {
			isa = PBXGroup;
			children = (
				EEBC6E3F20F65B7D00CB5DC2 /* ExtenalCustomViews */,
				EED9D32020F549AE00C5ACF7 /* NuButton.swift */,
				EED9D32820F5534500C5ACF7 /* NuNavigationBar.swift */,
			);
			path = CustomViews;
			sourceTree = "<group>";
		};
		EEEB4C9B20F52474005DF444 = {
			isa = PBXGroup;
			children = (
				EEEB4CA620F52474005DF444 /* NuiOS */,
				EEEB4CA520F52474005DF444 /* Products */,
				B3F302D877CD4F12E4822BE8 /* Pods */,
				56AABD4AD66B7F954DFDC626 /* Frameworks */,
			);
			sourceTree = "<group>";
		};
		EEEB4CA520F52474005DF444 /* Products */ = {
			isa = PBXGroup;
			children = (
				EEEB4CA420F52474005DF444 /* NuiOS.app */,
			);
			name = Products;
			sourceTree = "<group>";
		};
		EEEB4CA620F52474005DF444 /* NuiOS */ = {
			isa = PBXGroup;
			children = (
				EE720F5F20F79F3000EBA122 /* Info.plist */,
				EE720F5920F78FA000EBA122 /* Singleton */,
				EEEB4CA720F52474005DF444 /* Support Files */,
				EED9D31F20F5495500C5ACF7 /* CustomViews */,
				EED9D2F820F538F400C5ACF7 /* Helpers */,
				EED9D2E920F5374700C5ACF7 /* Models/Api */,
				EEC956FA20F524C4007A3066 /* ViewModels */,
				EEEB4CBD20F524A4005DF444 /* Controllers */,
				EEEB4CAE20F52474005DF444 /* Views */,
			);
			path = NuiOS;
			sourceTree = "<group>";
		};
		EEEB4CA720F52474005DF444 /* Support Files */ = {
			isa = PBXGroup;
			children = (
				EED9D30E20F53C1200C5ACF7 /* AppDelegate.swift */,
				EED9D30B20F53C1200C5ACF7 /* Assets.xcassets */,
				EED9D30D20F53C1200C5ACF7 /* EnvVariables.swift */,
			);
			path = "Support Files";
			sourceTree = "<group>";
		};
		EEEB4CAE20F52474005DF444 /* Views */ = {
			isa = PBXGroup;
			children = (
				EE3FDB6E20FE486100CC166F /* Profile.storyboard */,
				EE3FDB6B20FE485700CC166F /* EmailUpdate.storyboard */,
				EE3FDB8020FE7CBD00CC166F /* PhoneNumberUpdate.storyboard */,
				EEEB4CAF20F52474005DF444 /* Main.storyboard */,
				EEEB4CB420F52476005DF444 /* LaunchScreen.storyboard */,
				EE81CB9D20F5369C00283C29 /* SignUp.storyboard */,
				EE9FC86820F9141A0078624B /* AccountRecover.storyboard */,
				EEBC6E2D20F6486000CB5DC2 /* Login.storyboard */,
				EEBC6E3220F648D300CB5DC2 /* ExtendedLaunchScreen.storyboard */,
			);
			name = Views;
			sourceTree = "<group>";
		};
		EEEB4CBD20F524A4005DF444 /* Controllers */ = {
			isa = PBXGroup;
			children = (
				EE3FDB8320FE7CDA00CC166F /* PhoneNumberUpdate */,
				EE3FDB7520FE4D7400CC166F /* EmailUpdate */,
				EE9FC87A20F940E50078624B /* Profile */,
				EE9FC86B20F91AF50078624B /* ForgotPassword */,
				EED9D31A20F544F100C5ACF7 /* SignUp */,
				EEEB4CAA20F52474005DF444 /* ViewController.swift */,
				EEBC6E3920F64D1A00CB5DC2 /* ExtendedLaunchScreenVC.swift */,
				EEBC6E4420F66AD400CB5DC2 /* LoginVC.swift */,
			);
			path = Controllers;
			sourceTree = "<group>";
		};
/* End PBXGroup section */

/* Begin PBXNativeTarget section */
		EEEB4CA320F52474005DF444 /* NuiOS */ = {
			isa = PBXNativeTarget;
			buildConfigurationList = EEEB4CBA20F52476005DF444 /* Build configuration list for PBXNativeTarget "NuiOS" */;
			buildPhases = (
				C6010CFA56FC42512098EBCA /* [CP] Check Pods Manifest.lock */,
				EEEB4CA020F52474005DF444 /* Sources */,
				EEEB4CA120F52474005DF444 /* Frameworks */,
				EEEB4CA220F52474005DF444 /* Resources */,
				E04D654A933136D234A550A3 /* [CP] Embed Pods Frameworks */,
			);
			buildRules = (
			);
			dependencies = (
			);
			name = NuiOS;
			productName = NuiOS;
			productReference = EEEB4CA420F52474005DF444 /* NuiOS.app */;
			productType = "com.apple.product-type.application";
		};
/* End PBXNativeTarget section */

/* Begin PBXProject section */
		EEEB4C9C20F52474005DF444 /* Project object */ = {
			isa = PBXProject;
			attributes = {
				LastSwiftUpdateCheck = 0940;
				LastUpgradeCheck = 0940;
				ORGANIZATIONNAME = Nucleus;
				TargetAttributes = {
					EEEB4CA320F52474005DF444 = {
						CreatedOnToolsVersion = 9.4.1;
					};
				};
			};
			buildConfigurationList = EEEB4C9F20F52474005DF444 /* Build configuration list for PBXProject "NuiOS" */;
			compatibilityVersion = "Xcode 9.3";
			developmentRegion = en;
			hasScannedForEncodings = 0;
			knownRegions = (
				en,
				Base,
				"pt-BR",
			);
			mainGroup = EEEB4C9B20F52474005DF444;
			productRefGroup = EEEB4CA520F52474005DF444 /* Products */;
			projectDirPath = "";
			projectRoot = "";
			targets = (
				EEEB4CA320F52474005DF444 /* NuiOS */,
			);
		};
/* End PBXProject section */

/* Begin PBXResourcesBuildPhase section */
		EEEB4CA220F52474005DF444 /* Resources */ = {
			isa = PBXResourcesBuildPhase;
			buildActionMask = 2147483647;
			files = (
				EE720F6020F79F3000EBA122 /* Info.plist in Resources */,
				EE3FDB6D20FE485700CC166F /* EmailUpdate.storyboard in Resources */,
				EE3FDB7020FE486100CC166F /* Profile.storyboard in Resources */,
				EEBC6E3420F648D300CB5DC2 /* ExtendedLaunchScreen.storyboard in Resources */,
				EEEB4CB620F52476005DF444 /* LaunchScreen.storyboard in Resources */,
				EE81CB9F20F5369C00283C29 /* SignUp.storyboard in Resources */,
				EE9FC86A20F9141A0078624B /* AccountRecover.storyboard in Resources */,
				EEBC6E2F20F6486000CB5DC2 /* Login.storyboard in Resources */,
				EE3FDB8220FE7CBE00CC166F /* PhoneNumberUpdate.storyboard in Resources */,
				EEEB4CB120F52474005DF444 /* Main.storyboard in Resources */,
				EED9D30F20F53C1200C5ACF7 /* Assets.xcassets in Resources */,
			);
			runOnlyForDeploymentPostprocessing = 0;
		};
/* End PBXResourcesBuildPhase section */

/* Begin PBXShellScriptBuildPhase section */
		C6010CFA56FC42512098EBCA /* [CP] Check Pods Manifest.lock */ = {
			isa = PBXShellScriptBuildPhase;
			buildActionMask = 2147483647;
			files = (
			);
			inputPaths = (
				"${PODS_PODFILE_DIR_PATH}/Podfile.lock",
				"${PODS_ROOT}/Manifest.lock",
			);
			name = "[CP] Check Pods Manifest.lock";
			outputPaths = (
				"$(DERIVED_FILE_DIR)/Pods-NuiOS-checkManifestLockResult.txt",
			);
			runOnlyForDeploymentPostprocessing = 0;
			shellPath = /bin/sh;
			shellScript = "diff \"${PODS_PODFILE_DIR_PATH}/Podfile.lock\" \"${PODS_ROOT}/Manifest.lock\" > /dev/null\nif [ $? != 0 ] ; then\n    # print error to STDERR\n    echo \"error: The sandbox is not in sync with the Podfile.lock. Run 'pod install' or update your CocoaPods installation.\" >&2\n    exit 1\nfi\n# This output is used by Xcode 'outputs' to avoid re-running this script phase.\necho \"SUCCESS\" > \"${SCRIPT_OUTPUT_FILE_0}\"\n";
			showEnvVarsInLog = 0;
		};
		E04D654A933136D234A550A3 /* [CP] Embed Pods Frameworks */ = {
			isa = PBXShellScriptBuildPhase;
			buildActionMask = 2147483647;
			files = (
			);
			inputPaths = (
				"${SRCROOT}/Pods/Target Support Files/Pods-NuiOS/Pods-NuiOS-frameworks.sh",
				"${BUILT_PRODUCTS_DIR}/JWTDecode/JWTDecode.framework",
				"${BUILT_PRODUCTS_DIR}/MarqueeLabel/MarqueeLabel.framework",
				"${BUILT_PRODUCTS_DIR}/NotificationBannerSwift/NotificationBannerSwift.framework",
				"${BUILT_PRODUCTS_DIR}/NuSignUp/NuSignUp.framework",
				"${BUILT_PRODUCTS_DIR}/SnapKit/SnapKit.framework",
				"${BUILT_PRODUCTS_DIR}/UICKeyChainStore/UICKeyChainStore.framework",
			);
			name = "[CP] Embed Pods Frameworks";
			outputPaths = (
				"${TARGET_BUILD_DIR}/${FRAMEWORKS_FOLDER_PATH}/JWTDecode.framework",
				"${TARGET_BUILD_DIR}/${FRAMEWORKS_FOLDER_PATH}/MarqueeLabel.framework",
				"${TARGET_BUILD_DIR}/${FRAMEWORKS_FOLDER_PATH}/NotificationBannerSwift.framework",
				"${TARGET_BUILD_DIR}/${FRAMEWORKS_FOLDER_PATH}/NuSignUp.framework",
				"${TARGET_BUILD_DIR}/${FRAMEWORKS_FOLDER_PATH}/SnapKit.framework",
				"${TARGET_BUILD_DIR}/${FRAMEWORKS_FOLDER_PATH}/UICKeyChainStore.framework",
			);
			runOnlyForDeploymentPostprocessing = 0;
			shellPath = /bin/sh;
			shellScript = "\"${SRCROOT}/Pods/Target Support Files/Pods-NuiOS/Pods-NuiOS-frameworks.sh\"\n";
			showEnvVarsInLog = 0;
		};
/* End PBXShellScriptBuildPhase section */

/* Begin PBXSourcesBuildPhase section */
		EEEB4CA020F52474005DF444 /* Sources */ = {
			isa = PBXSourcesBuildPhase;
			buildActionMask = 2147483647;
			files = (
				EEBC6E4520F66AD400CB5DC2 /* LoginVC.swift in Sources */,
				EED9D2F120F5385300C5ACF7 /* Verifications.swift in Sources */,
				EE9FC86020F8F9F40078624B /* AppSingleton+HelperMethods.swift in Sources */,
				EEBC6E2C20F6481F00CB5DC2 /* FinishSignUpVC.swift in Sources */,
				EE9FC86F20F91C110078624B /* AccountRecEmailSVC.swift in Sources */,
				EE84921B20F6306F009D750F /* SignUpCheckDataStepVC.swift in Sources */,
				EEBC6E4220F65BA100CB5DC2 /* LinedTextField.swift in Sources */,
				EE3FDB7720FE4DCD00CC166F /* YourPasswordSVC.swift in Sources */,
				EE84921C20F6306F009D750F /* SignUpPhoneNumberSVC.swift in Sources */,
				EEBC6E3A20F64D1A00CB5DC2 /* ExtendedLaunchScreenVC.swift in Sources */,
				EE3FDB7920FE4F1200CC166F /* ConfirmationCodeSVC.swift in Sources */,
				EED9D32520F54C9A00C5ACF7 /* SignUpNavController.swift in Sources */,
				EED9D32720F54F1500C5ACF7 /* SignUpPreStepVC.swift in Sources */,
				EE84922B20F636A5009D750F /* JLProgressView.swift in Sources */,
				EE3FDB7D20FE5BBB00CC166F /* NewEmailSVC.swift in Sources */,
				EEEB4CAB20F52474005DF444 /* ViewController.swift in Sources */,
				EED9D30120F53BB800C5ACF7 /* RequestManager.swift in Sources */,
				EE84921D20F6306F009D750F /* NuSignUpCheckDataStepC.swift in Sources */,
				EE9FC87C20F941430078624B /* ProfileTVC.swift in Sources */,
				EE3FDB8520FE7D0C00CC166F /* NewPhoneNumberSVC.swift in Sources */,
				EE720F6220F7A11800EBA122 /* AppSingleton+UserReqs.swift in Sources */,
				EE9FC87520F92C6A0078624B /* AccountRecPasswordSVC.swift in Sources */,
				EE84922720F6349B009D750F /* UIAlertControllerShortcuts.swift in Sources */,
				EED9D2EC20F5383A00C5ACF7 /* Api.swift in Sources */,
				EED9D2F720F5389100C5ACF7 /* AppSingleton.swift in Sources */,
				EED9D2F520F5386300C5ACF7 /* GenericUser.swift in Sources */,
				EE84922220F63094009D750F /* FirstStepSVC.swift in Sources */,
				EE9FC85E20F8EDE20078624B /* AppSingleton+Auth.swift in Sources */,
				EE720F5B20F78FBD00EBA122 /* AppSingleton+VerificationsReqs.swift in Sources */,
				EE4BC88620FCAFA60086B752 /* SignUpMask.swift in Sources */,
				EE9FC86D20F91B1B0078624B /* AccountRecoverWayTVC.swift in Sources */,
				EED9D32920F5534500C5ACF7 /* NuNavigationBar.swift in Sources */,
				EEBC6E4720F66BAA00CB5DC2 /* JLExtensions.swift in Sources */,
				EED9D2ED20F5383A00C5ACF7 /* ApiError.swift in Sources */,
				EED9D31220F53C1200C5ACF7 /* AppDelegate.swift in Sources */,
				EED9D31920F543CA00C5ACF7 /* User.swift in Sources */,
				EED9D30220F53BB800C5ACF7 /* RequestManager+Alamofire.swift in Sources */,
				EED9D2F220F5385300C5ACF7 /* Users.swift in Sources */,
				EE9FC86220F90A660078624B /* AlternativeSignUpCodeSVC.swift in Sources */,
				EED9D32120F549AE00C5ACF7 /* NuButton.swift in Sources */,
				EE9FC85C20F8E6A60078624B /* AppLoginVM.swift in Sources */,
				EE84922920F63645009D750F /* AppSignUpDelegate.swift in Sources */,
				EE84921A20F6306F009D750F /* SignUpPasswordSVC.swift in Sources */,
				EE84922320F63094009D750F /* SignUpEmailSVC.swift in Sources */,
				EEBC6E4320F65BA100CB5DC2 /* TitledTextField.swift in Sources */,
				EE9FC85A20F8CC470078624B /* NotificationBannerShortcuts.swift in Sources */,
				EE3FDB7B20FE550300CC166F /* ConfirmCodeVM.swift in Sources */,
				EED9D31120F53C1200C5ACF7 /* EnvVariables.swift in Sources */,
				EE9FC87320F922AA0078624B /* AccountRecCodeSVC.swift in Sources */,
				EE9FC88020F944560078624B /* Listener.swift in Sources */,
				EE84922120F63094009D750F /* SignUpCodeSVC.swift in Sources */,
				EE4BC88820FCEA9A0086B752 /* ProfileVM.swift in Sources */,
				EE9FC87120F91F400078624B /* AccountRecPhoneNumberSVC.swift in Sources */,
			);
			runOnlyForDeploymentPostprocessing = 0;
		};
/* End PBXSourcesBuildPhase section */

/* Begin PBXVariantGroup section */
		EE3FDB6B20FE485700CC166F /* EmailUpdate.storyboard */ = {
			isa = PBXVariantGroup;
			children = (
				EE3FDB6C20FE485700CC166F /* Base */,
				EE3FDB8920FE7F3300CC166F /* pt-BR */,
			);
			name = EmailUpdate.storyboard;
			sourceTree = "<group>";
		};
		EE3FDB6E20FE486100CC166F /* Profile.storyboard */ = {
			isa = PBXVariantGroup;
			children = (
				EE3FDB6F20FE486100CC166F /* Base */,
				EE3FDB7420FE48E200CC166F /* pt-BR */,
			);
			name = Profile.storyboard;
			sourceTree = "<group>";
		};
		EE3FDB8020FE7CBD00CC166F /* PhoneNumberUpdate.storyboard */ = {
			isa = PBXVariantGroup;
			children = (
				EE3FDB8120FE7CBD00CC166F /* Base */,
				EE3FDB8D20FE800200CC166F /* pt-BR */,
			);
			name = PhoneNumberUpdate.storyboard;
			sourceTree = "<group>";
		};
		EE81CB9D20F5369C00283C29 /* SignUp.storyboard */ = {
			isa = PBXVariantGroup;
			children = (
				EE81CB9E20F5369C00283C29 /* Base */,
				EEBC6E3820F64B0E00CB5DC2 /* pt-BR */,
			);
			name = SignUp.storyboard;
			sourceTree = "<group>";
		};
		EE9FC86820F9141A0078624B /* AccountRecover.storyboard */ = {
			isa = PBXVariantGroup;
			children = (
				EE9FC86920F9141A0078624B /* Base */,
				EE9FC87920F9400E0078624B /* pt-BR */,
			);
			name = AccountRecover.storyboard;
			sourceTree = "<group>";
		};
		EEBC6E2D20F6486000CB5DC2 /* Login.storyboard */ = {
			isa = PBXVariantGroup;
			children = (
				EEBC6E2E20F6486000CB5DC2 /* Base */,
				EE720F5820F7771F00EBA122 /* pt-BR */,
			);
			name = Login.storyboard;
			sourceTree = "<group>";
		};
		EEBC6E3220F648D300CB5DC2 /* ExtendedLaunchScreen.storyboard */ = {
			isa = PBXVariantGroup;
			children = (
				EEBC6E3320F648D300CB5DC2 /* Base */,
			);
			name = ExtendedLaunchScreen.storyboard;
			sourceTree = "<group>";
		};
		EEEB4CAF20F52474005DF444 /* Main.storyboard */ = {
			isa = PBXVariantGroup;
			children = (
				EEEB4CB020F52474005DF444 /* Base */,
				EE9FC87E20F943A80078624B /* pt-BR */,
			);
			name = Main.storyboard;
			sourceTree = "<group>";
		};
		EEEB4CB420F52476005DF444 /* LaunchScreen.storyboard */ = {
			isa = PBXVariantGroup;
			children = (
				EEEB4CB520F52476005DF444 /* Base */,
				EED9D31420F53F0200C5ACF7 /* pt-BR */,
			);
			name = LaunchScreen.storyboard;
			sourceTree = "<group>";
		};
/* End PBXVariantGroup section */

/* Begin XCBuildConfiguration section */
		EEEB4CB820F52476005DF444 /* Debug */ = {
			isa = XCBuildConfiguration;
			buildSettings = {
				ALWAYS_SEARCH_USER_PATHS = NO;
				CLANG_ANALYZER_LOCALIZABILITY_NONLOCALIZED = YES;
				CLANG_ANALYZER_NONNULL = YES;
				CLANG_ANALYZER_NUMBER_OBJECT_CONVERSION = YES_AGGRESSIVE;
				CLANG_CXX_LANGUAGE_STANDARD = "gnu++14";
				CLANG_CXX_LIBRARY = "libc++";
				CLANG_ENABLE_MODULES = YES;
				CLANG_ENABLE_OBJC_ARC = YES;
				CLANG_ENABLE_OBJC_WEAK = YES;
				CLANG_WARN_BLOCK_CAPTURE_AUTORELEASING = YES;
				CLANG_WARN_BOOL_CONVERSION = YES;
				CLANG_WARN_COMMA = YES;
				CLANG_WARN_CONSTANT_CONVERSION = YES;
				CLANG_WARN_DEPRECATED_OBJC_IMPLEMENTATIONS = YES;
				CLANG_WARN_DIRECT_OBJC_ISA_USAGE = YES_ERROR;
				CLANG_WARN_DOCUMENTATION_COMMENTS = YES;
				CLANG_WARN_EMPTY_BODY = YES;
				CLANG_WARN_ENUM_CONVERSION = YES;
				CLANG_WARN_INFINITE_RECURSION = YES;
				CLANG_WARN_INT_CONVERSION = YES;
				CLANG_WARN_NON_LITERAL_NULL_CONVERSION = YES;
				CLANG_WARN_OBJC_IMPLICIT_RETAIN_SELF = YES;
				CLANG_WARN_OBJC_LITERAL_CONVERSION = YES;
				CLANG_WARN_OBJC_ROOT_CLASS = YES_ERROR;
				CLANG_WARN_RANGE_LOOP_ANALYSIS = YES;
				CLANG_WARN_STRICT_PROTOTYPES = YES;
				CLANG_WARN_SUSPICIOUS_MOVE = YES;
				CLANG_WARN_UNGUARDED_AVAILABILITY = YES_AGGRESSIVE;
				CLANG_WARN_UNREACHABLE_CODE = YES;
				CLANG_WARN__DUPLICATE_METHOD_MATCH = YES;
				CODE_SIGN_IDENTITY = "iPhone Developer";
				COPY_PHASE_STRIP = NO;
				DEBUG_INFORMATION_FORMAT = dwarf;
				ENABLE_STRICT_OBJC_MSGSEND = YES;
				ENABLE_TESTABILITY = YES;
				GCC_C_LANGUAGE_STANDARD = gnu11;
				GCC_DYNAMIC_NO_PIC = NO;
				GCC_NO_COMMON_BLOCKS = YES;
				GCC_OPTIMIZATION_LEVEL = 0;
				GCC_PREPROCESSOR_DEFINITIONS = (
					"DEBUG=1",
					"$(inherited)",
				);
				GCC_WARN_64_TO_32_BIT_CONVERSION = YES;
				GCC_WARN_ABOUT_RETURN_TYPE = YES_ERROR;
				GCC_WARN_UNDECLARED_SELECTOR = YES;
				GCC_WARN_UNINITIALIZED_AUTOS = YES_AGGRESSIVE;
				GCC_WARN_UNUSED_FUNCTION = YES;
				GCC_WARN_UNUSED_VARIABLE = YES;
				IPHONEOS_DEPLOYMENT_TARGET = 10.0;
				MTL_ENABLE_DEBUG_INFO = YES;
				ONLY_ACTIVE_ARCH = YES;
				SDKROOT = iphoneos;
				SWIFT_ACTIVE_COMPILATION_CONDITIONS = DEBUG;
				SWIFT_OPTIMIZATION_LEVEL = "-Onone";
			};
			name = Debug;
		};
		EEEB4CB920F52476005DF444 /* Release */ = {
			isa = XCBuildConfiguration;
			buildSettings = {
				ALWAYS_SEARCH_USER_PATHS = NO;
				CLANG_ANALYZER_LOCALIZABILITY_NONLOCALIZED = YES;
				CLANG_ANALYZER_NONNULL = YES;
				CLANG_ANALYZER_NUMBER_OBJECT_CONVERSION = YES_AGGRESSIVE;
				CLANG_CXX_LANGUAGE_STANDARD = "gnu++14";
				CLANG_CXX_LIBRARY = "libc++";
				CLANG_ENABLE_MODULES = YES;
				CLANG_ENABLE_OBJC_ARC = YES;
				CLANG_ENABLE_OBJC_WEAK = YES;
				CLANG_WARN_BLOCK_CAPTURE_AUTORELEASING = YES;
				CLANG_WARN_BOOL_CONVERSION = YES;
				CLANG_WARN_COMMA = YES;
				CLANG_WARN_CONSTANT_CONVERSION = YES;
				CLANG_WARN_DEPRECATED_OBJC_IMPLEMENTATIONS = YES;
				CLANG_WARN_DIRECT_OBJC_ISA_USAGE = YES_ERROR;
				CLANG_WARN_DOCUMENTATION_COMMENTS = YES;
				CLANG_WARN_EMPTY_BODY = YES;
				CLANG_WARN_ENUM_CONVERSION = YES;
				CLANG_WARN_INFINITE_RECURSION = YES;
				CLANG_WARN_INT_CONVERSION = YES;
				CLANG_WARN_NON_LITERAL_NULL_CONVERSION = YES;
				CLANG_WARN_OBJC_IMPLICIT_RETAIN_SELF = YES;
				CLANG_WARN_OBJC_LITERAL_CONVERSION = YES;
				CLANG_WARN_OBJC_ROOT_CLASS = YES_ERROR;
				CLANG_WARN_RANGE_LOOP_ANALYSIS = YES;
				CLANG_WARN_STRICT_PROTOTYPES = YES;
				CLANG_WARN_SUSPICIOUS_MOVE = YES;
				CLANG_WARN_UNGUARDED_AVAILABILITY = YES_AGGRESSIVE;
				CLANG_WARN_UNREACHABLE_CODE = YES;
				CLANG_WARN__DUPLICATE_METHOD_MATCH = YES;
				CODE_SIGN_IDENTITY = "iPhone Developer";
				COPY_PHASE_STRIP = NO;
				DEBUG_INFORMATION_FORMAT = "dwarf-with-dsym";
				ENABLE_NS_ASSERTIONS = NO;
				ENABLE_STRICT_OBJC_MSGSEND = YES;
				GCC_C_LANGUAGE_STANDARD = gnu11;
				GCC_NO_COMMON_BLOCKS = YES;
				GCC_WARN_64_TO_32_BIT_CONVERSION = YES;
				GCC_WARN_ABOUT_RETURN_TYPE = YES_ERROR;
				GCC_WARN_UNDECLARED_SELECTOR = YES;
				GCC_WARN_UNINITIALIZED_AUTOS = YES_AGGRESSIVE;
				GCC_WARN_UNUSED_FUNCTION = YES;
				GCC_WARN_UNUSED_VARIABLE = YES;
				IPHONEOS_DEPLOYMENT_TARGET = 10.0;
				MTL_ENABLE_DEBUG_INFO = NO;
				SDKROOT = iphoneos;
				SWIFT_COMPILATION_MODE = wholemodule;
				SWIFT_OPTIMIZATION_LEVEL = "-O";
				VALIDATE_PRODUCT = YES;
			};
			name = Release;
		};
		EEEB4CBB20F52476005DF444 /* Debug */ = {
			isa = XCBuildConfiguration;
			baseConfigurationReference = 073FF8913C811AD802EE95E8 /* Pods-NuiOS.debug.xcconfig */;
			buildSettings = {
				ASSETCATALOG_COMPILER_APPICON_NAME = AppIcon;
				CODE_SIGN_STYLE = Automatic;
				DEVELOPMENT_TEAM = 6P538QSTTR;
				INFOPLIST_FILE = "$(SRCROOT)/NuiOS/Info.plist";
				LD_RUNPATH_SEARCH_PATHS = (
					"$(inherited)",
					"@executable_path/Frameworks",
				);
				PRODUCT_BUNDLE_IDENTIFIER = com.eti.nucleus.NuiOS;
				PRODUCT_NAME = "$(TARGET_NAME)";
				SWIFT_VERSION = 4.0;
				TARGETED_DEVICE_FAMILY = "1,2";
			};
			name = Debug;
		};
		EEEB4CBC20F52476005DF444 /* Release */ = {
			isa = XCBuildConfiguration;
			baseConfigurationReference = 96218C56F035F20BF747D012 /* Pods-NuiOS.release.xcconfig */;
			buildSettings = {
				ASSETCATALOG_COMPILER_APPICON_NAME = AppIcon;
				CODE_SIGN_STYLE = Automatic;
				DEVELOPMENT_TEAM = 6P538QSTTR;
				INFOPLIST_FILE = "$(SRCROOT)/NuiOS/Info.plist";
				LD_RUNPATH_SEARCH_PATHS = (
					"$(inherited)",
					"@executable_path/Frameworks",
				);
				PRODUCT_BUNDLE_IDENTIFIER = com.eti.nucleus.NuiOS;
				PRODUCT_NAME = "$(TARGET_NAME)";
				SWIFT_VERSION = 4.0;
				TARGETED_DEVICE_FAMILY = "1,2";
			};
			name = Release;
		};
/* End XCBuildConfiguration section */

/* Begin XCConfigurationList section */
		EEEB4C9F20F52474005DF444 /* Build configuration list for PBXProject "NuiOS" */ = {
			isa = XCConfigurationList;
			buildConfigurations = (
				EEEB4CB820F52476005DF444 /* Debug */,
				EEEB4CB920F52476005DF444 /* Release */,
			);
			defaultConfigurationIsVisible = 0;
			defaultConfigurationName = Release;
		};
		EEEB4CBA20F52476005DF444 /* Build configuration list for PBXNativeTarget "NuiOS" */ = {
			isa = XCConfigurationList;
			buildConfigurations = (
				EEEB4CBB20F52476005DF444 /* Debug */,
				EEEB4CBC20F52476005DF444 /* Release */,
			);
			defaultConfigurationIsVisible = 0;
			defaultConfigurationName = Release;
		};
/* End XCConfigurationList section */
	};
	rootObject = EEEB4C9C20F52474005DF444 /* Project object */;
}
